
Microsoft Visual Studio Solution File, Format Version 12.00
# Visual Studio Version 16
VisualStudioVersion = 16.0.31321.278
MinimumVisualStudioVersion = 10.0.40219.1
Project("{FAE04EC0-301F-11D3-BF4B-00C04F79EFBC}") = "WebApplication2", "WebApplication2.csproj", "{51185D43-89A3-486C-94F3-0DC2197CC7BE}"
EndProject
Global
	GlobalSection(SolutionConfigurationPlatforms) = preSolution
		Debug|Any CPU = Debug|Any CPU
		Release|Any CPU = Release|Any CPU
	EndGlobalSection
	GlobalSection(ProjectConfigurationPlatforms) = postSolution
		{51185D43-89A3-486C-94F3-0DC2197CC7BE}.Debug|Any CPU.ActiveCfg = Debug|Any CPU
		{51185D43-89A3-486C-94F3-0DC2197CC7BE}.Debug|Any CPU.Build.0 = Debug|Any CPU
		{51185D43-89A3-486C-94F3-0DC2197CC7BE}.Release|Any CPU.ActiveCfg = Release|Any CPU
		{51185D43-89A3-486C-94F3-0DC2197CC7BE}.Release|Any CPU.Build.0 = Release|Any CPU
	EndGlobalSection
	GlobalSection(SolutionProperties) = preSolution
		HideSolutionNode = FALSE
	EndGlobalSection
	GlobalSection(ExtensibilityGlobals) = postSolution
		SolutionGuid = {60E7AF4D-06BA-40A3-8534-36459B82D004}
	EndGlobalSection
EndGlobal
